// !$*UTF8*$!
{
	archiveVersion = 1;
	classes = {
	};
	objectVersion = 46;
	objects = {

/* Begin PBXBuildFile section */
		204856C31C197A6C0028CA55 /* AppDelegate.swift in Sources */ = {isa = PBXBuildFile; fileRef = 204856C21C197A6C0028CA55 /* AppDelegate.swift */; };
		204856C51C197A6C0028CA55 /* ViewController.swift in Sources */ = {isa = PBXBuildFile; fileRef = 204856C41C197A6C0028CA55 /* ViewController.swift */; };
		204856CA1C197A6C0028CA55 /* Assets.xcassets in Resources */ = {isa = PBXBuildFile; fileRef = 204856C91C197A6C0028CA55 /* Assets.xcassets */; };
		204856CD1C197A6C0028CA55 /* LaunchScreen.storyboard in Resources */ = {isa = PBXBuildFile; fileRef = 204856CB1C197A6C0028CA55 /* LaunchScreen.storyboard */; };
		204856D81C197A6C0028CA55 /* BalloonsTests.swift in Sources */ = {isa = PBXBuildFile; fileRef = 204856D71C197A6C0028CA55 /* BalloonsTests.swift */; };
		204856E31C197A6C0028CA55 /* BalloonsUITests.swift in Sources */ = {isa = PBXBuildFile; fileRef = 204856E21C197A6C0028CA55 /* BalloonsUITests.swift */; };
		204856F51C1988C40028CA55 /* SecondViewController.swift in Sources */ = {isa = PBXBuildFile; fileRef = 204856F41C1988C40028CA55 /* SecondViewController.swift */; settings = {ASSET_TAGS = (); }; };
		204856FD1C1991090028CA55 /* ThirdViewController.swift in Sources */ = {isa = PBXBuildFile; fileRef = 204856FC1C1991090028CA55 /* ThirdViewController.swift */; settings = {ASSET_TAGS = (); }; };
		204857031C19942B0028CA55 /* FifthViewController.swift in Sources */ = {isa = PBXBuildFile; fileRef = 204857021C19942B0028CA55 /* FifthViewController.swift */; settings = {ASSET_TAGS = (); }; };
		260408B61C3E8E9B00D29BC0 /* enter.png in Resources */ = {isa = PBXBuildFile; fileRef = 260408B51C3E8E9B00D29BC0 /* enter.png */; settings = {ASSET_TAGS = (); }; };
		260408DC1C3EBA9B00D29BC0 /* icon152.png in Resources */ = {isa = PBXBuildFile; fileRef = 260408D71C3EBA9B00D29BC0 /* icon152.png */; settings = {ASSET_TAGS = (); }; };
		260408E71C3ECB0D00D29BC0 /* Main.storyboard in Resources */ = {isa = PBXBuildFile; fileRef = 260408E51C3ECB0D00D29BC0 /* Main.storyboard */; settings = {ASSET_TAGS = (); }; };
		260408EA1C3ECB1C00D29BC0 /* EightViewcontroller.swift in Sources */ = {isa = PBXBuildFile; fileRef = 260408E81C3ECB1C00D29BC0 /* EightViewcontroller.swift */; settings = {ASSET_TAGS = (); }; };
		260408EB1C3ECB1C00D29BC0 /* EleventhViewcontroller.swift in Sources */ = {isa = PBXBuildFile; fileRef = 260408E91C3ECB1C00D29BC0 /* EleventhViewcontroller.swift */; settings = {ASSET_TAGS = (); }; };
		260408F01C3ECB3D00D29BC0 /* FourthViewController copy.swift in Sources */ = {isa = PBXBuildFile; fileRef = 260408ED1C3ECB3D00D29BC0 /* FourthViewController copy.swift */; settings = {ASSET_TAGS = (); }; };
		260408F31C3ECB5300D29BC0 /* NinthViewcontroller.swift in Sources */ = {isa = PBXBuildFile; fileRef = 260408F21C3ECB5300D29BC0 /* NinthViewcontroller.swift */; settings = {ASSET_TAGS = (); }; };
		260408F71C3ECB6500D29BC0 /* SeventhViewcontroller.swift in Sources */ = {isa = PBXBuildFile; fileRef = 260408F41C3ECB6500D29BC0 /* SeventhViewcontroller.swift */; settings = {ASSET_TAGS = (); }; };
		260408F81C3ECB6500D29BC0 /* SixthViewcontroller.swift in Sources */ = {isa = PBXBuildFile; fileRef = 260408F51C3ECB6500D29BC0 /* SixthViewcontroller.swift */; settings = {ASSET_TAGS = (); }; };
		260408F91C3ECB6500D29BC0 /* TenthViewcontroller.swift in Sources */ = {isa = PBXBuildFile; fileRef = 260408F61C3ECB6500D29BC0 /* TenthViewcontroller.swift */; settings = {ASSET_TAGS = (); }; };
		260408FB1C3ECD3B00D29BC0 /* Locations.gpx in Resources */ = {isa = PBXBuildFile; fileRef = 260408FA1C3ECD3B00D29BC0 /* Locations.gpx */; settings = {ASSET_TAGS = (); }; };
		260408FD1C3ECD6100D29BC0 /* homepage.jpg in Resources */ = {isa = PBXBuildFile; fileRef = 260408FC1C3ECD6100D29BC0 /* homepage.jpg */; settings = {ASSET_TAGS = (); }; };
		260408FF1C3ECD6A00D29BC0 /* newspage.jpg in Resources */ = {isa = PBXBuildFile; fileRef = 260408FE1C3ECD6A00D29BC0 /* newspage.jpg */; settings = {ASSET_TAGS = (); }; };
		2682C6F31C45282F00D3EAFB /* PinPiont.png in Resources */ = {isa = PBXBuildFile; fileRef = 2682C6F21C45282F00D3EAFB /* PinPiont.png */; settings = {ASSET_TAGS = (); }; };
		2682C6F51C4528B900D3EAFB /* Pin.png in Resources */ = {isa = PBXBuildFile; fileRef = 2682C6F41C4528B900D3EAFB /* Pin.png */; settings = {ASSET_TAGS = (); }; };
		2682C6F71C45850000D3EAFB /* mapkit.png in Resources */ = {isa = PBXBuildFile; fileRef = 2682C6F61C45850000D3EAFB /* mapkit.png */; settings = {ASSET_TAGS = (); }; };
		2682C6F91C458A4900D3EAFB /* loading.png in Resources */ = {isa = PBXBuildFile; fileRef = 2682C6F81C458A4900D3EAFB /* loading.png */; settings = {ASSET_TAGS = (); }; };
		26FFDADE1C44623A00486AE2 /* news1.png in Resources */ = {isa = PBXBuildFile; fileRef = 26FFDAD51C44623A00486AE2 /* news1.png */; settings = {ASSET_TAGS = (); }; };
		26FFDADF1C44623A00486AE2 /* news2.png in Resources */ = {isa = PBXBuildFile; fileRef = 26FFDAD61C44623A00486AE2 /* news2.png */; settings = {ASSET_TAGS = (); }; };
		26FFDAE01C44623A00486AE2 /* news3.png in Resources */ = {isa = PBXBuildFile; fileRef = 26FFDAD71C44623A00486AE2 /* news3.png */; settings = {ASSET_TAGS = (); }; };
		26FFDAE11C44623A00486AE2 /* news4.png in Resources */ = {isa = PBXBuildFile; fileRef = 26FFDAD81C44623A00486AE2 /* news4.png */; settings = {ASSET_TAGS = (); }; };
		26FFDAE21C44623A00486AE2 /* news5.png in Resources */ = {isa = PBXBuildFile; fileRef = 26FFDAD91C44623A00486AE2 /* news5.png */; settings = {ASSET_TAGS = (); }; };
		26FFDAE31C44623A00486AE2 /* news6.png in Resources */ = {isa = PBXBuildFile; fileRef = 26FFDADA1C44623A00486AE2 /* news6.png */; settings = {ASSET_TAGS = (); }; };
		26FFDAE41C44623A00486AE2 /* news7.png in Resources */ = {isa = PBXBuildFile; fileRef = 26FFDADB1C44623A00486AE2 /* news7.png */; settings = {ASSET_TAGS = (); }; };
		26FFDAE51C44623A00486AE2 /* news8.png in Resources */ = {isa = PBXBuildFile; fileRef = 26FFDADC1C44623A00486AE2 /* news8.png */; settings = {ASSET_TAGS = (); }; };
		26FFDAE61C44623A00486AE2 /* news9.png in Resources */ = {isa = PBXBuildFile; fileRef = 26FFDADD1C44623A00486AE2 /* news9.png */; settings = {ASSET_TAGS = (); }; };
		26FFDAE81C44625D00486AE2 /* new1.png in Resources */ = {isa = PBXBuildFile; fileRef = 26FFDAE71C44625D00486AE2 /* new1.png */; settings = {ASSET_TAGS = (); }; };
/* End PBXBuildFile section */

/* Begin PBXContainerItemProxy section */
		204856D41C197A6C0028CA55 /* PBXContainerItemProxy */ = {
			isa = PBXContainerItemProxy;
			containerPortal = 204856B71C197A6C0028CA55 /* Project object */;
			proxyType = 1;
			remoteGlobalIDString = 204856BE1C197A6C0028CA55;
			remoteInfo = Balloons;
		};
		204856DF1C197A6C0028CA55 /* PBXContainerItemProxy */ = {
			isa = PBXContainerItemProxy;
			containerPortal = 204856B71C197A6C0028CA55 /* Project object */;
			proxyType = 1;
			remoteGlobalIDString = 204856BE1C197A6C0028CA55;
			remoteInfo = Balloons;
		};
/* End PBXContainerItemProxy section */

/* Begin PBXFileReference section */
		204856BF1C197A6C0028CA55 /* Balloons.app */ = {isa = PBXFileReference; explicitFileType = wrapper.application; includeInIndex = 0; path = Balloons.app; sourceTree = BUILT_PRODUCTS_DIR; };
		204856C21C197A6C0028CA55 /* AppDelegate.swift */ = {isa = PBXFileReference; lastKnownFileType = sourcecode.swift; path = AppDelegate.swift; sourceTree = "<group>"; };
		204856C41C197A6C0028CA55 /* ViewController.swift */ = {isa = PBXFileReference; lastKnownFileType = sourcecode.swift; path = ViewController.swift; sourceTree = "<group>"; };
		204856C91C197A6C0028CA55 /* Assets.xcassets */ = {isa = PBXFileReference; lastKnownFileType = folder.assetcatalog; path = Assets.xcassets; sourceTree = "<group>"; };
		204856CC1C197A6C0028CA55 /* Base */ = {isa = PBXFileReference; lastKnownFileType = file.storyboard; name = Base; path = Base.lproj/LaunchScreen.storyboard; sourceTree = "<group>"; };
		204856CE1C197A6C0028CA55 /* Info.plist */ = {isa = PBXFileReference; lastKnownFileType = text.plist.xml; path = Info.plist; sourceTree = "<group>"; };
		204856D31C197A6C0028CA55 /* BalloonsTests.xctest */ = {isa = PBXFileReference; explicitFileType = wrapper.cfbundle; includeInIndex = 0; path = BalloonsTests.xctest; sourceTree = BUILT_PRODUCTS_DIR; };
		204856D71C197A6C0028CA55 /* BalloonsTests.swift */ = {isa = PBXFileReference; lastKnownFileType = sourcecode.swift; path = BalloonsTests.swift; sourceTree = "<group>"; };
		204856D91C197A6C0028CA55 /* Info.plist */ = {isa = PBXFileReference; lastKnownFileType = text.plist.xml; path = Info.plist; sourceTree = "<group>"; };
		204856DE1C197A6C0028CA55 /* BalloonsUITests.xctest */ = {isa = PBXFileReference; explicitFileType = wrapper.cfbundle; includeInIndex = 0; path = BalloonsUITests.xctest; sourceTree = BUILT_PRODUCTS_DIR; };
		204856E21C197A6C0028CA55 /* BalloonsUITests.swift */ = {isa = PBXFileReference; lastKnownFileType = sourcecode.swift; path = BalloonsUITests.swift; sourceTree = "<group>"; };
		204856E41C197A6C0028CA55 /* Info.plist */ = {isa = PBXFileReference; lastKnownFileType = text.plist.xml; path = Info.plist; sourceTree = "<group>"; };
		204856F41C1988C40028CA55 /* SecondViewController.swift */ = {isa = PBXFileReference; fileEncoding = 4; lastKnownFileType = sourcecode.swift; path = SecondViewController.swift; sourceTree = "<group>"; };
		204856FC1C1991090028CA55 /* ThirdViewController.swift */ = {isa = PBXFileReference; fileEncoding = 4; lastKnownFileType = sourcecode.swift; path = ThirdViewController.swift; sourceTree = "<group>"; };
		204857021C19942B0028CA55 /* FifthViewController.swift */ = {isa = PBXFileReference; fileEncoding = 4; lastKnownFileType = sourcecode.swift; path = FifthViewController.swift; sourceTree = "<group>"; };
		260408B51C3E8E9B00D29BC0 /* enter.png */ = {isa = PBXFileReference; lastKnownFileType = image.png; path = enter.png; sourceTree = "<group>"; };
		260408D71C3EBA9B00D29BC0 /* icon152.png */ = {isa = PBXFileReference; lastKnownFileType = image.png; path = icon152.png; sourceTree = "<group>"; };
		260408E61C3ECB0D00D29BC0 /* Base */ = {isa = PBXFileReference; lastKnownFileType = file.storyboard; name = Base; path = Base.lproj/Main.storyboard; sourceTree = "<group>"; };
		260408E81C3ECB1C00D29BC0 /* EightViewcontroller.swift */ = {isa = PBXFileReference; fileEncoding = 4; lastKnownFileType = sourcecode.swift; path = EightViewcontroller.swift; sourceTree = "<group>"; };
		260408E91C3ECB1C00D29BC0 /* EleventhViewcontroller.swift */ = {isa = PBXFileReference; fileEncoding = 4; lastKnownFileType = sourcecode.swift; path = EleventhViewcontroller.swift; sourceTree = "<group>"; };
		260408ED1C3ECB3D00D29BC0 /* FourthViewController copy.swift */ = {isa = PBXFileReference; fileEncoding = 4; lastKnownFileType = sourcecode.swift; path = "FourthViewController copy.swift"; sourceTree = "<group>"; };
		260408F21C3ECB5300D29BC0 /* NinthViewcontroller.swift */ = {isa = PBXFileReference; fileEncoding = 4; lastKnownFileType = sourcecode.swift; path = NinthViewcontroller.swift; sourceTree = "<group>"; };
		260408F41C3ECB6500D29BC0 /* SeventhViewcontroller.swift */ = {isa = PBXFileReference; fileEncoding = 4; lastKnownFileType = sourcecode.swift; path = SeventhViewcontroller.swift; sourceTree = "<group>"; };
		260408F51C3ECB6500D29BC0 /* SixthViewcontroller.swift */ = {isa = PBXFileReference; fileEncoding = 4; lastKnownFileType = sourcecode.swift; path = SixthViewcontroller.swift; sourceTree = "<group>"; };
		260408F61C3ECB6500D29BC0 /* TenthViewcontroller.swift */ = {isa = PBXFileReference; fileEncoding = 4; lastKnownFileType = sourcecode.swift; path = TenthViewcontroller.swift; sourceTree = "<group>"; };
		260408FA1C3ECD3B00D29BC0 /* Locations.gpx */ = {isa = PBXFileReference; fileEncoding = 4; lastKnownFileType = text.xml; path = Locations.gpx; sourceTree = "<group>"; };
		260408FC1C3ECD6100D29BC0 /* homepage.jpg */ = {isa = PBXFileReference; lastKnownFileType = image.jpeg; path = homepage.jpg; sourceTree = "<group>"; };
		260408FE1C3ECD6A00D29BC0 /* newspage.jpg */ = {isa = PBXFileReference; lastKnownFileType = image.jpeg; path = newspage.jpg; sourceTree = "<group>"; };
		2682C6F21C45282F00D3EAFB /* PinPiont.png */ = {isa = PBXFileReference; lastKnownFileType = image.png; path = PinPiont.png; sourceTree = "<group>"; };
		2682C6F41C4528B900D3EAFB /* Pin.png */ = {isa = PBXFileReference; lastKnownFileType = image.png; path = Pin.png; sourceTree = "<group>"; };
		2682C6F61C45850000D3EAFB /* mapkit.png */ = {isa = PBXFileReference; lastKnownFileType = image.png; path = mapkit.png; sourceTree = "<group>"; };
		2682C6F81C458A4900D3EAFB /* loading.png */ = {isa = PBXFileReference; lastKnownFileType = image.png; path = loading.png; sourceTree = "<group>"; };
		26FFDAD51C44623A00486AE2 /* news1.png */ = {isa = PBXFileReference; lastKnownFileType = image.png; path = news1.png; sourceTree = "<group>"; };
		26FFDAD61C44623A00486AE2 /* news2.png */ = {isa = PBXFileReference; lastKnownFileType = image.png; path = news2.png; sourceTree = "<group>"; };
		26FFDAD71C44623A00486AE2 /* news3.png */ = {isa = PBXFileReference; lastKnownFileType = image.png; path = news3.png; sourceTree = "<group>"; };
		26FFDAD81C44623A00486AE2 /* news4.png */ = {isa = PBXFileReference; lastKnownFileType = image.png; path = news4.png; sourceTree = "<group>"; };
		26FFDAD91C44623A00486AE2 /* news5.png */ = {isa = PBXFileReference; lastKnownFileType = image.png; path = news5.png; sourceTree = "<group>"; };
		26FFDADA1C44623A00486AE2 /* news6.png */ = {isa = PBXFileReference; lastKnownFileType = image.png; path = news6.png; sourceTree = "<group>"; };
		26FFDADB1C44623A00486AE2 /* news7.png */ = {isa = PBXFileReference; lastKnownFileType = image.png; path = news7.png; sourceTree = "<group>"; };
		26FFDADC1C44623A00486AE2 /* news8.png */ = {isa = PBXFileReference; lastKnownFileType = image.png; path = news8.png; sourceTree = "<group>"; };
		26FFDADD1C44623A00486AE2 /* news9.png */ = {isa = PBXFileReference; lastKnownFileType = image.png; path = news9.png; sourceTree = "<group>"; };
		26FFDAE71C44625D00486AE2 /* new1.png */ = {isa = PBXFileReference; lastKnownFileType = image.png; path = new1.png; sourceTree = "<group>"; };
/* End PBXFileReference section */

/* Begin PBXFrameworksBuildPhase section */
		204856BC1C197A6C0028CA55 /* Frameworks */ = {
			isa = PBXFrameworksBuildPhase;
			buildActionMask = 2147483647;
			files = (
			);
			runOnlyForDeploymentPostprocessing = 0;
		};
		204856D01C197A6C0028CA55 /* Frameworks */ = {
			isa = PBXFrameworksBuildPhase;
			buildActionMask = 2147483647;
			files = (
			);
			runOnlyForDeploymentPostprocessing = 0;
		};
		204856DB1C197A6C0028CA55 /* Frameworks */ = {
			isa = PBXFrameworksBuildPhase;
			buildActionMask = 2147483647;
			files = (
			);
			runOnlyForDeploymentPostprocessing = 0;
		};
/* End PBXFrameworksBuildPhase section */

/* Begin PBXGroup section */
		204856B61C197A6C0028CA55 = {
			isa = PBXGroup;
			children = (
				204856C11C197A6C0028CA55 /* Balloons */,
				204856D61C197A6C0028CA55 /* BalloonsTests */,
				204856E11C197A6C0028CA55 /* BalloonsUITests */,
				204856C01C197A6C0028CA55 /* Products */,
			);
			sourceTree = "<group>";
		};
		204856C01C197A6C0028CA55 /* Products */ = {
			isa = PBXGroup;
			children = (
				204856BF1C197A6C0028CA55 /* Balloons.app */,
				204856D31C197A6C0028CA55 /* BalloonsTests.xctest */,
				204856DE1C197A6C0028CA55 /* BalloonsUITests.xctest */,
			);
			name = Products;
			sourceTree = "<group>";
		};
		204856C11C197A6C0028CA55 /* Balloons */ = {
			isa = PBXGroup;
			children = (
				204856C21C197A6C0028CA55 /* AppDelegate.swift */,
				260408FA1C3ECD3B00D29BC0 /* Locations.gpx */,
				204856C41C197A6C0028CA55 /* ViewController.swift */,
				204856F41C1988C40028CA55 /* SecondViewController.swift */,
				204856FC1C1991090028CA55 /* ThirdViewController.swift */,
				260408ED1C3ECB3D00D29BC0 /* FourthViewController copy.swift */,
				204857021C19942B0028CA55 /* FifthViewController.swift */,
				260408F51C3ECB6500D29BC0 /* SixthViewcontroller.swift */,
				260408F41C3ECB6500D29BC0 /* SeventhViewcontroller.swift */,
				260408E81C3ECB1C00D29BC0 /* EightViewcontroller.swift */,
				260408F21C3ECB5300D29BC0 /* NinthViewcontroller.swift */,
				260408F61C3ECB6500D29BC0 /* TenthViewcontroller.swift */,
				260408E91C3ECB1C00D29BC0 /* EleventhViewcontroller.swift */,
				260408E51C3ECB0D00D29BC0 /* Main.storyboard */,
				260408FC1C3ECD6100D29BC0 /* homepage.jpg */,
				260408FE1C3ECD6A00D29BC0 /* newspage.jpg */,
				26FFDAD51C44623A00486AE2 /* news1.png */,
				26FFDAE71C44625D00486AE2 /* new1.png */,
				2682C6F61C45850000D3EAFB /* mapkit.png */,
				26FFDAD61C44623A00486AE2 /* news2.png */,
				2682C6F81C458A4900D3EAFB /* loading.png */,
				26FFDAD71C44623A00486AE2 /* news3.png */,
				26FFDAD81C44623A00486AE2 /* news4.png */,
				26FFDAD91C44623A00486AE2 /* news5.png */,
				26FFDADA1C44623A00486AE2 /* news6.png */,
				26FFDADB1C44623A00486AE2 /* news7.png */,
				26FFDADC1C44623A00486AE2 /* news8.png */,
				26FFDADD1C44623A00486AE2 /* news9.png */,
				260408D71C3EBA9B00D29BC0 /* icon152.png */,
				2682C6F21C45282F00D3EAFB /* PinPiont.png */,
				260408B51C3E8E9B00D29BC0 /* enter.png */,
				2682C6F41C4528B900D3EAFB /* Pin.png */,
				204856C91C197A6C0028CA55 /* Assets.xcassets */,
				204856CB1C197A6C0028CA55 /* LaunchScreen.storyboard */,
				204856CE1C197A6C0028CA55 /* Info.plist */,
			);
			path = Balloons;
			sourceTree = "<group>";
		};
		204856D61C197A6C0028CA55 /* BalloonsTests */ = {
			isa = PBXGroup;
			children = (
				204856D71C197A6C0028CA55 /* BalloonsTests.swift */,
				204856D91C197A6C0028CA55 /* Info.plist */,
			);
			path = BalloonsTests;
			sourceTree = "<group>";
		};
		204856E11C197A6C0028CA55 /* BalloonsUITests */ = {
			isa = PBXGroup;
			children = (
				204856E21C197A6C0028CA55 /* BalloonsUITests.swift */,
				204856E41C197A6C0028CA55 /* Info.plist */,
			);
			path = BalloonsUITests;
			sourceTree = "<group>";
		};
/* End PBXGroup section */

/* Begin PBXNativeTarget section */
		204856BE1C197A6C0028CA55 /* Balloons */ = {
			isa = PBXNativeTarget;
			buildConfigurationList = 204856E71C197A6C0028CA55 /* Build configuration list for PBXNativeTarget "Balloons" */;
			buildPhases = (
				204856BB1C197A6C0028CA55 /* Sources */,
				204856BC1C197A6C0028CA55 /* Frameworks */,
				204856BD1C197A6C0028CA55 /* Resources */,
			);
			buildRules = (
			);
			dependencies = (
			);
			name = Balloons;
			productName = Balloons;
			productReference = 204856BF1C197A6C0028CA55 /* Balloons.app */;
			productType = "com.apple.product-type.application";
		};
		204856D21C197A6C0028CA55 /* BalloonsTests */ = {
			isa = PBXNativeTarget;
			buildConfigurationList = 204856EA1C197A6C0028CA55 /* Build configuration list for PBXNativeTarget "BalloonsTests" */;
			buildPhases = (
				204856CF1C197A6C0028CA55 /* Sources */,
				204856D01C197A6C0028CA55 /* Frameworks */,
				204856D11C197A6C0028CA55 /* Resources */,
			);
			buildRules = (
			);
			dependencies = (
				204856D51C197A6C0028CA55 /* PBXTargetDependency */,
			);
			name = BalloonsTests;
			productName = BalloonsTests;
			productReference = 204856D31C197A6C0028CA55 /* BalloonsTests.xctest */;
			productType = "com.apple.product-type.bundle.unit-test";
		};
		204856DD1C197A6C0028CA55 /* BalloonsUITests */ = {
			isa = PBXNativeTarget;
			buildConfigurationList = 204856ED1C197A6C0028CA55 /* Build configuration list for PBXNativeTarget "BalloonsUITests" */;
			buildPhases = (
				204856DA1C197A6C0028CA55 /* Sources */,
				204856DB1C197A6C0028CA55 /* Frameworks */,
				204856DC1C197A6C0028CA55 /* Resources */,
			);
			buildRules = (
			);
			dependencies = (
				204856E01C197A6C0028CA55 /* PBXTargetDependency */,
			);
			name = BalloonsUITests;
			productName = BalloonsUITests;
			productReference = 204856DE1C197A6C0028CA55 /* BalloonsUITests.xctest */;
			productType = "com.apple.product-type.bundle.ui-testing";
		};
/* End PBXNativeTarget section */

/* Begin PBXProject section */
		204856B71C197A6C0028CA55 /* Project object */ = {
			isa = PBXProject;
			attributes = {
				LastUpgradeCheck = 0700;
				ORGANIZATIONNAME = "Christina Sabine (i7668088)";
				TargetAttributes = {
					204856BE1C197A6C0028CA55 = {
						CreatedOnToolsVersion = 7.0.1;
					};
					204856D21C197A6C0028CA55 = {
						CreatedOnToolsVersion = 7.0.1;
						TestTargetID = 204856BE1C197A6C0028CA55;
					};
					204856DD1C197A6C0028CA55 = {
						CreatedOnToolsVersion = 7.0.1;
						TestTargetID = 204856BE1C197A6C0028CA55;
					};
				};
			};
			buildConfigurationList = 204856BA1C197A6C0028CA55 /* Build configuration list for PBXProject "Balloons" */;
			compatibilityVersion = "Xcode 3.2";
			developmentRegion = English;
			hasScannedForEncodings = 0;
			knownRegions = (
				en,
				Base,
			);
			mainGroup = 204856B61C197A6C0028CA55;
			productRefGroup = 204856C01C197A6C0028CA55 /* Products */;
			projectDirPath = "";
			projectRoot = "";
			targets = (
				204856BE1C197A6C0028CA55 /* Balloons */,
				204856D21C197A6C0028CA55 /* BalloonsTests */,
				204856DD1C197A6C0028CA55 /* BalloonsUITests */,
			);
		};
/* End PBXProject section */

/* Begin PBXResourcesBuildPhase section */
		204856BD1C197A6C0028CA55 /* Resources */ = {
			isa = PBXResourcesBuildPhase;
			buildActionMask = 2147483647;
			files = (
				260408FB1C3ECD3B00D29BC0 /* Locations.gpx in Resources */,
				260408E71C3ECB0D00D29BC0 /* Main.storyboard in Resources */,
				260408B61C3E8E9B00D29BC0 /* enter.png in Resources */,
				26FFDAE51C44623A00486AE2 /* news8.png in Resources */,
				26FFDAE01C44623A00486AE2 /* news3.png in Resources */,
				26FFDADF1C44623A00486AE2 /* news2.png in Resources */,
				2682C6F51C4528B900D3EAFB /* Pin.png in Resources */,
				2682C6F71C45850000D3EAFB /* mapkit.png in Resources */,
				2682C6F91C458A4900D3EAFB /* loading.png in Resources */,
				260408FD1C3ECD6100D29BC0 /* homepage.jpg in Resources */,
				260408DC1C3EBA9B00D29BC0 /* icon152.png in Resources */,
				260408FF1C3ECD6A00D29BC0 /* newspage.jpg in Resources */,
				204856CD1C197A6C0028CA55 /* LaunchScreen.storyboard in Resources */,
				26FFDAE31C44623A00486AE2 /* news6.png in Resources */,
				2682C6F31C45282F00D3EAFB /* PinPiont.png in Resources */,
				26FFDADE1C44623A00486AE2 /* news1.png in Resources */,
				26FFDAE21C44623A00486AE2 /* news5.png in Resources */,
				26FFDAE81C44625D00486AE2 /* new1.png in Resources */,
				26FFDAE61C44623A00486AE2 /* news9.png in Resources */,
				204856CA1C197A6C0028CA55 /* Assets.xcassets in Resources */,
				26FFDAE41C44623A00486AE2 /* news7.png in Resources */,
				26FFDAE11C44623A00486AE2 /* news4.png in Resources */,
			);
			runOnlyForDeploymentPostprocessing = 0;
		};
		204856D11C197A6C0028CA55 /* Resources */ = {
			isa = PBXResourcesBuildPhase;
			buildActionMask = 2147483647;
			files = (
			);
			runOnlyForDeploymentPostprocessing = 0;
		};
		204856DC1C197A6C0028CA55 /* Resources */ = {
			isa = PBXResourcesBuildPhase;
			buildActionMask = 2147483647;
			files = (
			);
			runOnlyForDeploymentPostprocessing = 0;
		};
/* End PBXResourcesBuildPhase section */

/* Begin PBXSourcesBuildPhase section */
		204856BB1C197A6C0028CA55 /* Sources */ = {
			isa = PBXSourcesBuildPhase;
			buildActionMask = 2147483647;
			files = (
				260408F31C3ECB5300D29BC0 /* NinthViewcontroller.swift in Sources */,
				204857031C19942B0028CA55 /* FifthViewController.swift in Sources */,
				204856F51C1988C40028CA55 /* SecondViewController.swift in Sources */,
				260408F81C3ECB6500D29BC0 /* SixthViewcontroller.swift in Sources */,
				260408F91C3ECB6500D29BC0 /* TenthViewcontroller.swift in Sources */,
				260408EB1C3ECB1C00D29BC0 /* EleventhViewcontroller.swift in Sources */,
				204856C51C197A6C0028CA55 /* ViewController.swift in Sources */,
				204856FD1C1991090028CA55 /* ThirdViewController.swift in Sources */,
				260408F71C3ECB6500D29BC0 /* SeventhViewcontroller.swift in Sources */,
				204856C31C197A6C0028CA55 /* AppDelegate.swift in Sources */,
				260408EA1C3ECB1C00D29BC0 /* EightViewcontroller.swift in Sources */,
				260408F01C3ECB3D00D29BC0 /* FourthViewController copy.swift in Sources */,
			);
			runOnlyForDeploymentPostprocessing = 0;
		};
		204856CF1C197A6C0028CA55 /* Sources */ = {
			isa = PBXSourcesBuildPhase;
			buildActionMask = 2147483647;
			files = (
				204856D81C197A6C0028CA55 /* BalloonsTests.swift in Sources */,
			);
			runOnlyForDeploymentPostprocessing = 0;
		};
		204856DA1C197A6C0028CA55 /* Sources */ = {
			isa = PBXSourcesBuildPhase;
			buildActionMask = 2147483647;
			files = (
				204856E31C197A6C0028CA55 /* BalloonsUITests.swift in Sources */,
			);
			runOnlyForDeploymentPostprocessing = 0;
		};
/* End PBXSourcesBuildPhase section */

/* Begin PBXTargetDependency section */
		204856D51C197A6C0028CA55 /* PBXTargetDependency */ = {
			isa = PBXTargetDependency;
			target = 204856BE1C197A6C0028CA55 /* Balloons */;
			targetProxy = 204856D41C197A6C0028CA55 /* PBXContainerItemProxy */;
		};
		204856E01C197A6C0028CA55 /* PBXTargetDependency */ = {
			isa = PBXTargetDependency;
			target = 204856BE1C197A6C0028CA55 /* Balloons */;
			targetProxy = 204856DF1C197A6C0028CA55 /* PBXContainerItemProxy */;
		};
/* End PBXTargetDependency section */

/* Begin PBXVariantGroup section */
		204856CB1C197A6C0028CA55 /* LaunchScreen.storyboard */ = {
			isa = PBXVariantGroup;
			children = (
				204856CC1C197A6C0028CA55 /* Base */,
			);
			name = LaunchScreen.storyboard;
			sourceTree = "<group>";
		};
		260408E51C3ECB0D00D29BC0 /* Main.storyboard */ = {
			isa = PBXVariantGroup;
			children = (
				260408E61C3ECB0D00D29BC0 /* Base */,
			);
			name = Main.storyboard;
			sourceTree = "<group>";
		};
/* End PBXVariantGroup section */

/* Begin XCBuildConfiguration section */
		204856E51C197A6C0028CA55 /* Debug */ = {
			isa = XCBuildConfiguration;
			buildSettings = {
				ALWAYS_SEARCH_USER_PATHS = NO;
				CLANG_CXX_LANGUAGE_STANDARD = "gnu++0x";
				CLANG_CXX_LIBRARY = "libc++";
				CLANG_ENABLE_MODULES = YES;
				CLANG_ENABLE_OBJC_ARC = YES;
				CLANG_WARN_BOOL_CONVERSION = YES;
				CLANG_WARN_CONSTANT_CONVERSION = YES;
				CLANG_WARN_DIRECT_OBJC_ISA_USAGE = YES_ERROR;
				CLANG_WARN_EMPTY_BODY = YES;
				CLANG_WARN_ENUM_CONVERSION = YES;
				CLANG_WARN_INT_CONVERSION = YES;
				CLANG_WARN_OBJC_ROOT_CLASS = YES_ERROR;
				CLANG_WARN_UNREACHABLE_CODE = YES;
				CLANG_WARN__DUPLICATE_METHOD_MATCH = YES;
				"CODE_SIGN_IDENTITY[sdk=iphoneos*]" = "iPhone Developer";
				COPY_PHASE_STRIP = NO;
				DEBUG_INFORMATION_FORMAT = dwarf;
				ENABLE_STRICT_OBJC_MSGSEND = YES;
				ENABLE_TESTABILITY = YES;
				GCC_C_LANGUAGE_STANDARD = gnu99;
				GCC_DYNAMIC_NO_PIC = NO;
				GCC_NO_COMMON_BLOCKS = YES;
				GCC_OPTIMIZATION_LEVEL = 0;
				GCC_PREPROCESSOR_DEFINITIONS = (
					"DEBUG=1",
					"$(inherited)",
				);
				GCC_WARN_64_TO_32_BIT_CONVERSION = YES;
				GCC_WARN_ABOUT_RETURN_TYPE = YES_ERROR;
				GCC_WARN_UNDECLARED_SELECTOR = YES;
				GCC_WARN_UNINITIALIZED_AUTOS = YES_AGGRESSIVE;
				GCC_WARN_UNUSED_FUNCTION = YES;
				GCC_WARN_UNUSED_VARIABLE = YES;
				IPHONEOS_DEPLOYMENT_TARGET = 9.0;
				MTL_ENABLE_DEBUG_INFO = YES;
				ONLY_ACTIVE_ARCH = YES;
				SDKROOT = iphoneos;
				SWIFT_OPTIMIZATION_LEVEL = "-Onone";
				TARGETED_DEVICE_FAMILY = "1,2";
			};
			name = Debug;
		};
		204856E61C197A6C0028CA55 /* Release */ = {
			isa = XCBuildConfiguration;
			buildSettings = {
				ALWAYS_SEARCH_USER_PATHS = NO;
				CLANG_CXX_LANGUAGE_STANDARD = "gnu++0x";
				CLANG_CXX_LIBRARY = "libc++";
				CLANG_ENABLE_MODULES = YES;
				CLANG_ENABLE_OBJC_ARC = YES;
				CLANG_WARN_BOOL_CONVERSION = YES;
				CLANG_WARN_CONSTANT_CONVERSION = YES;
				CLANG_WARN_DIRECT_OBJC_ISA_USAGE = YES_ERROR;
				CLANG_WARN_EMPTY_BODY = YES;
				CLANG_WARN_ENUM_CONVERSION = YES;
				CLANG_WARN_INT_CONVERSION = YES;
				CLANG_WARN_OBJC_ROOT_CLASS = YES_ERROR;
				CLANG_WARN_UNREACHABLE_CODE = YES;
				CLANG_WARN__DUPLICATE_METHOD_MATCH = YES;
				"CODE_SIGN_IDENTITY[sdk=iphoneos*]" = "iPhone Developer";
				COPY_PHASE_STRIP = NO;
				DEBUG_INFORMATION_FORMAT = "dwarf-with-dsym";
				ENABLE_NS_ASSERTIONS = NO;
				ENABLE_STRICT_OBJC_MSGSEND = YES;
				GCC_C_LANGUAGE_STANDARD = gnu99;
				GCC_NO_COMMON_BLOCKS = YES;
				GCC_WARN_64_TO_32_BIT_CONVERSION = YES;
				GCC_WARN_ABOUT_RETURN_TYPE = YES_ERROR;
				GCC_WARN_UNDECLARED_SELECTOR = YES;
				GCC_WARN_UNINITIALIZED_AUTOS = YES_AGGRESSIVE;
				GCC_WARN_UNUSED_FUNCTION = YES;
				GCC_WARN_UNUSED_VARIABLE = YES;
				IPHONEOS_DEPLOYMENT_TARGET = 9.0;
				MTL_ENABLE_DEBUG_INFO = NO;
				SDKROOT = iphoneos;
				TARGETED_DEVICE_FAMILY = "1,2";
				VALIDATE_PRODUCT = YES;
			};
			name = Release;
		};
		204856E81C197A6C0028CA55 /* Debug */ = {
			isa = XCBuildConfiguration;
			buildSettings = {
				ASSETCATALOG_COMPILER_APPICON_NAME = AppIcon;
				INFOPLIST_FILE = Balloons/Info.plist;
				LD_RUNPATH_SEARCH_PATHS = "$(inherited) @executable_path/Frameworks";
				PRODUCT_BUNDLE_IDENTIFIER = i7668088.Balloons;
				PRODUCT_NAME = "$(TARGET_NAME)";
			};
			name = Debug;
		};
		204856E91C197A6C0028CA55 /* Release */ = {
			isa = XCBuildConfiguration;
			buildSettings = {
				ASSETCATALOG_COMPILER_APPICON_NAME = AppIcon;
				INFOPLIST_FILE = Balloons/Info.plist;
				LD_RUNPATH_SEARCH_PATHS = "$(inherited) @executable_path/Frameworks";
				PRODUCT_BUNDLE_IDENTIFIER = i7668088.Balloons;
				PRODUCT_NAME = "$(TARGET_NAME)";
			};
			name = Release;
		};
		204856EB1C197A6C0028CA55 /* Debug */ = {
			isa = XCBuildConfiguration;
			buildSettings = {
				BUNDLE_LOADER = "$(TEST_HOST)";
				INFOPLIST_FILE = BalloonsTests/Info.plist;
				LD_RUNPATH_SEARCH_PATHS = "$(inherited) @executable_path/Frameworks @loader_path/Frameworks";
				PRODUCT_BUNDLE_IDENTIFIER = i7668088.BalloonsTests;
				PRODUCT_NAME = "$(TARGET_NAME)";
				TEST_HOST = "$(BUILT_PRODUCTS_DIR)/Balloons.app/Balloons";
			};
			name = Debug;
		};
		204856EC1C197A6C0028CA55 /* Release */ = {
			isa = XCBuildConfiguration;
			buildSettings = {
				BUNDLE_LOADER = "$(TEST_HOST)";
				INFOPLIST_FILE = BalloonsTests/Info.plist;
				LD_RUNPATH_SEARCH_PATHS = "$(inherited) @executable_path/Frameworks @loader_path/Frameworks";
				PRODUCT_BUNDLE_IDENTIFIER = i7668088.BalloonsTests;
				PRODUCT_NAME = "$(TARGET_NAME)";
				TEST_HOST = "$(BUILT_PRODUCTS_DIR)/Balloons.app/Balloons";
			};
			name = Release;
		};
		204856EE1C197A6C0028CA55 /* Debug */ = {
			isa = XCBuildConfiguration;
			buildSettings = {
				INFOPLIST_FILE = BalloonsUITests/Info.plist;
				LD_RUNPATH_SEARCH_PATHS = "$(inherited) @executable_path/Frameworks @loader_path/Frameworks";
				PRODUCT_BUNDLE_IDENTIFIER = i7668088.BalloonsUITests;
				PRODUCT_NAME = "$(TARGET_NAME)";
				TEST_TARGET_NAME = Balloons;
				USES_XCTRUNNER = YES;
			};
			name = Debug;
		};
		204856EF1C197A6C0028CA55 /* Release */ = {
			isa = XCBuildConfiguration;
			buildSettings = {
				INFOPLIST_FILE = BalloonsUITests/Info.plist;
				LD_RUNPATH_SEARCH_PATHS = "$(inherited) @executable_path/Frameworks @loader_path/Frameworks";
				PRODUCT_BUNDLE_IDENTIFIER = i7668088.BalloonsUITests;
				PRODUCT_NAME = "$(TARGET_NAME)";
				TEST_TARGET_NAME = Balloons;
				USES_XCTRUNNER = YES;
			};
			name = Release;
		};
/* End XCBuildConfiguration section */

/* Begin XCConfigurationList section */
		204856BA1C197A6C0028CA55 /* Build configuration list for PBXProject "Balloons" */ = {
			isa = XCConfigurationList;
			buildConfigurations = (
				204856E51C197A6C0028CA55 /* Debug */,
				204856E61C197A6C0028CA55 /* Release */,
			);
			defaultConfigurationIsVisible = 0;
			defaultConfigurationName = Release;
		};
		204856E71C197A6C0028CA55 /* Build configuration list for PBXNativeTarget "Balloons" */ = {
			isa = XCConfigurationList;
			buildConfigurations = (
				204856E81C197A6C0028CA55 /* Debug */,
				204856E91C197A6C0028CA55 /* Release */,
			);
			defaultConfigurationIsVisible = 0;
			defaultConfigurationName = Release;
		};
		204856EA1C197A6C0028CA55 /* Build configuration list for PBXNativeTarget "BalloonsTests" */ = {
			isa = XCConfigurationList;
			buildConfigurations = (
				204856EB1C197A6C0028CA55 /* Debug */,
				204856EC1C197A6C0028CA55 /* Release */,
			);
			defaultConfigurationIsVisible = 0;
			defaultConfigurationName = Release;
		};
		204856ED1C197A6C0028CA55 /* Build configuration list for PBXNativeTarget "BalloonsUITests" */ = {
			isa = XCConfigurationList;
			buildConfigurations = (
				204856EE1C197A6C0028CA55 /* Debug */,
				204856EF1C197A6C0028CA55 /* Release */,
			);
			defaultConfigurationIsVisible = 0;
			defaultConfigurationName = Release;
		};
/* End XCConfigurationList section */
	};
	rootObject = 204856B71C197A6C0028CA55 /* Project object */;
}
